
Microsoft Visual Studio Solution File, Format Version 12.00
# Visual Studio Version 17
VisualStudioVersion = 17.5.002.0
MinimumVisualStudioVersion = 10.0.40219.1
Project("{9A19103F-16F7-4668-BE54-9A1E7A4F7556}") = "fanfocus", "fanfocus.csproj", "{9BFC5372-33F7-4AC9-9393-10A47133FD83}"
EndProject
Global
	GlobalSection(SolutionConfigurationPlatforms) = preSolution
		Debug|Any CPU = Debug|Any CPU
		Release|Any CPU = Release|Any CPU
	EndGlobalSection
	GlobalSection(ProjectConfigurationPlatforms) = postSolution
		{9BFC5372-33F7-4AC9-9393-10A47133FD83}.Debug|Any CPU.ActiveCfg = Debug|Any CPU
		{9BFC5372-33F7-4AC9-9393-10A47133FD83}.Debug|Any CPU.Build.0 = Debug|Any CPU
		{9BFC5372-33F7-4AC9-9393-10A47133FD83}.Release|Any CPU.ActiveCfg = Release|Any CPU
		{9BFC5372-33F7-4AC9-9393-10A47133FD83}.Release|Any CPU.Build.0 = Release|Any CPU
	EndGlobalSection
	GlobalSection(SolutionProperties) = preSolution
		HideSolutionNode = FALSE
	EndGlobalSection
	GlobalSection(ExtensibilityGlobals) = postSolution
		SolutionGuid = {8BFC0DAC-6C52-441D-8255-5703D88AB7A7}
	EndGlobalSection
EndGlobal
